
Microsoft Visual Studio Solution File, Format Version 12.00
# Visual Studio Version 16
VisualStudioVersion = 16.0.31911.196
MinimumVisualStudioVersion = 10.0.40219.1
Project("{FAE04EC0-301F-11D3-BF4B-00C04F79EFBC}") = "REghZyAccountManagerV6", "REghZyAccountManagerV6\REghZyAccountManagerV6.csproj", "{0CFEADDD-701E-4E99-941E-7B776FA28F8B}"
EndProject
Global
	GlobalSection(SolutionConfigurationPlatforms) = preSolution
		Debug|Any CPU = Debug|Any CPU
		Release|Any CPU = Release|Any CPU
	EndGlobalSection
	GlobalSection(ProjectConfigurationPlatforms) = postSolution
		{0CFEADDD-701E-4E99-941E-7B776FA28F8B}.Debug|Any CPU.ActiveCfg = Debug|Any CPU
		{0CFEADDD-701E-4E99-941E-7B776FA28F8B}.Debug|Any CPU.Build.0 = Debug|Any CPU
		{0CFEADDD-701E-4E99-941E-7B776FA28F8B}.Release|Any CPU.ActiveCfg = Release|Any CPU
		{0CFEADDD-701E-4E99-941E-7B776FA28F8B}.Release|Any CPU.Build.0 = Release|Any CPU
	EndGlobalSection
	GlobalSection(SolutionProperties) = preSolution
		HideSolutionNode = FALSE
	EndGlobalSection
	GlobalSection(ExtensibilityGlobals) = postSolution
		SolutionGuid = {A947978B-6600-43D1-9C3D-583438A634F1}
	EndGlobalSection
EndGlobal
